
Microsoft Visual Studio Solution File, Format Version 12.00
# Visual Studio 15
VisualStudioVersion = 15.0.28307.136
MinimumVisualStudioVersion = 10.0.40219.1
Project("{FAE04EC0-301F-11D3-BF4B-00C04F79EFBC}") = "PuzzlePieceASD.UnitTests", "PuzzlePieceASD.UnitTests\PuzzlePieceASD.UnitTests.csproj", "{7E802AC2-284D-46E2-AF5F-D33182FD30E9}"
EndProject
Project("{FAE04EC0-301F-11D3-BF4B-00C04F79EFBC}") = "PuzzlePieceASD.WebUI", "PuzzlePieceASD.WebUI\PuzzlePieceASD.WebUI.csproj", "{2F66D2CB-DB58-484A-8CE4-0222BFAB76AD}"
EndProject
Project("{FAE04EC0-301F-11D3-BF4B-00C04F79EFBC}") = "PuzzlePieceASD.Domain", "PuzzlePieceASD.Domain\PuzzlePieceASD.Domain.csproj", "{4F678244-1104-46EF-B924-A0FAE251E896}"
EndProject
Global
	GlobalSection(SolutionConfigurationPlatforms) = preSolution
		Debug|Any CPU = Debug|Any CPU
		Release|Any CPU = Release|Any CPU
	EndGlobalSection
	GlobalSection(ProjectConfigurationPlatforms) = postSolution
		{7E802AC2-284D-46E2-AF5F-D33182FD30E9}.Debug|Any CPU.ActiveCfg = Debug|Any CPU
		{7E802AC2-284D-46E2-AF5F-D33182FD30E9}.Debug|Any CPU.Build.0 = Debug|Any CPU
		{7E802AC2-284D-46E2-AF5F-D33182FD30E9}.Release|Any CPU.ActiveCfg = Release|Any CPU
		{7E802AC2-284D-46E2-AF5F-D33182FD30E9}.Release|Any CPU.Build.0 = Release|Any CPU
		{2F66D2CB-DB58-484A-8CE4-0222BFAB76AD}.Debug|Any CPU.ActiveCfg = Debug|Any CPU
		{2F66D2CB-DB58-484A-8CE4-0222BFAB76AD}.Debug|Any CPU.Build.0 = Debug|Any CPU
		{2F66D2CB-DB58-484A-8CE4-0222BFAB76AD}.Release|Any CPU.ActiveCfg = Release|Any CPU
		{2F66D2CB-DB58-484A-8CE4-0222BFAB76AD}.Release|Any CPU.Build.0 = Release|Any CPU
		{4F678244-1104-46EF-B924-A0FAE251E896}.Debug|Any CPU.ActiveCfg = Debug|Any CPU
		{4F678244-1104-46EF-B924-A0FAE251E896}.Debug|Any CPU.Build.0 = Debug|Any CPU
		{4F678244-1104-46EF-B924-A0FAE251E896}.Release|Any CPU.ActiveCfg = Release|Any CPU
		{4F678244-1104-46EF-B924-A0FAE251E896}.Release|Any CPU.Build.0 = Release|Any CPU
	EndGlobalSection
	GlobalSection(SolutionProperties) = preSolution
		HideSolutionNode = FALSE
	EndGlobalSection
	GlobalSection(ExtensibilityGlobals) = postSolution
		SolutionGuid = {6E925E35-255B-4337-B1E6-29E22C45389F}
	EndGlobalSection
EndGlobal
